
Microsoft Visual Studio Solution File, Format Version 12.00
# Visual Studio Version 17
VisualStudioVersion = 17.4.33122.133
MinimumVisualStudioVersion = 10.0.40219.1
Project("{8BC9CEB8-8B4A-11D0-8D11-00A0C91BC942}") = "PR_2", "PR_2\PR_2.vcxproj", "{C00E183A-7F00-4FE9-8C40-98D805E9F02D}"
EndProject
Global
	GlobalSection(SolutionConfigurationPlatforms) = preSolution
		Debug|x64 = Debug|x64
		Debug|x86 = Debug|x86
		Release|x64 = Release|x64
		Release|x86 = Release|x86
	EndGlobalSection
	GlobalSection(ProjectConfigurationPlatforms) = postSolution
		{C00E183A-7F00-4FE9-8C40-98D805E9F02D}.Debug|x64.ActiveCfg = Debug|x64
		{C00E183A-7F00-4FE9-8C40-98D805E9F02D}.Debug|x64.Build.0 = Debug|x64
		{C00E183A-7F00-4FE9-8C40-98D805E9F02D}.Debug|x86.ActiveCfg = Debug|Win32
		{C00E183A-7F00-4FE9-8C40-98D805E9F02D}.Debug|x86.Build.0 = Debug|Win32
		{C00E183A-7F00-4FE9-8C40-98D805E9F02D}.Release|x64.ActiveCfg = Release|x64
		{C00E183A-7F00-4FE9-8C40-98D805E9F02D}.Release|x64.Build.0 = Release|x64
		{C00E183A-7F00-4FE9-8C40-98D805E9F02D}.Release|x86.ActiveCfg = Release|Win32
		{C00E183A-7F00-4FE9-8C40-98D805E9F02D}.Release|x86.Build.0 = Release|Win32
	EndGlobalSection
	GlobalSection(SolutionProperties) = preSolution
		HideSolutionNode = FALSE
	EndGlobalSection
	GlobalSection(ExtensibilityGlobals) = postSolution
		SolutionGuid = {877AB2F7-58E7-4274-ACAF-B5C698478035}
	EndGlobalSection
EndGlobal
